
Microsoft Visual Studio Solution File, Format Version 12.00
# Visual Studio Version 17
VisualStudioVersion = 17.14.36429.23
MinimumVisualStudioVersion = 10.0.40219.1
Project("{FAE04EC0-301F-11D3-BF4B-00C04F79EFBC}") = "QRCodeGeneratorApp.Console", "QRCodeGeneratorApp.Console\QRCodeGeneratorApp.Console.csproj", "{6B456FC2-FDF8-435B-951F-A3BCF0C7E200}"
EndProject
Project("{FAE04EC0-301F-11D3-BF4B-00C04F79EFBC}") = "QRGeneratorApp.Core", "QRGeneratorApp.Core\QRGeneratorApp.Core.csproj", "{8FA0D6D9-F5AF-4B2A-985A-A98069D9379B}"
EndProject
Project("{2150E333-8FDC-42A3-9474-1A3956D46DE8}") = "Solution Items", "Solution Items", "{8EC462FD-D22E-90A8-E5CE-7E832BA40C5D}"
	ProjectSection(SolutionItems) = preProject
		.editorconfig = .editorconfig
		Directory.Packages.props = Directory.Packages.props
		README.md = README.md
	EndProjectSection
EndProject
Project("{FAE04EC0-301F-11D3-BF4B-00C04F79EFBC}") = "QRCodeGeneratorApp.Api", "QRCodeGeneratorApp.Api\QRCodeGeneratorApp.Api.csproj", "{DBD00D84-2268-4FEB-A33E-6F0A63C20B2D}"
EndProject
Project("{FAE04EC0-301F-11D3-BF4B-00C04F79EFBC}") = "QRCodeGeneratorApp.Persistence", "QRCodeGeneratorApp.Persistence\QRCodeGeneratorApp.Persistence.csproj", "{36AF4C68-CB85-4C30-A868-43D0B77337C9}"
EndProject
Global
	GlobalSection(SolutionConfigurationPlatforms) = preSolution
		Debug|Any CPU = Debug|Any CPU
		Release|Any CPU = Release|Any CPU
	EndGlobalSection
	GlobalSection(ProjectConfigurationPlatforms) = postSolution
		{6B456FC2-FDF8-435B-951F-A3BCF0C7E200}.Debug|Any CPU.ActiveCfg = Debug|Any CPU
		{6B456FC2-FDF8-435B-951F-A3BCF0C7E200}.Debug|Any CPU.Build.0 = Debug|Any CPU
		{6B456FC2-FDF8-435B-951F-A3BCF0C7E200}.Release|Any CPU.ActiveCfg = Release|Any CPU
		{6B456FC2-FDF8-435B-951F-A3BCF0C7E200}.Release|Any CPU.Build.0 = Release|Any CPU
		{8FA0D6D9-F5AF-4B2A-985A-A98069D9379B}.Debug|Any CPU.ActiveCfg = Debug|Any CPU
		{8FA0D6D9-F5AF-4B2A-985A-A98069D9379B}.Debug|Any CPU.Build.0 = Debug|Any CPU
		{8FA0D6D9-F5AF-4B2A-985A-A98069D9379B}.Release|Any CPU.ActiveCfg = Release|Any CPU
		{8FA0D6D9-F5AF-4B2A-985A-A98069D9379B}.Release|Any CPU.Build.0 = Release|Any CPU
		{DBD00D84-2268-4FEB-A33E-6F0A63C20B2D}.Debug|Any CPU.ActiveCfg = Debug|Any CPU
		{DBD00D84-2268-4FEB-A33E-6F0A63C20B2D}.Debug|Any CPU.Build.0 = Debug|Any CPU
		{DBD00D84-2268-4FEB-A33E-6F0A63C20B2D}.Release|Any CPU.ActiveCfg = Release|Any CPU
		{DBD00D84-2268-4FEB-A33E-6F0A63C20B2D}.Release|Any CPU.Build.0 = Release|Any CPU
		{36AF4C68-CB85-4C30-A868-43D0B77337C9}.Debug|Any CPU.ActiveCfg = Debug|Any CPU
		{36AF4C68-CB85-4C30-A868-43D0B77337C9}.Debug|Any CPU.Build.0 = Debug|Any CPU
		{36AF4C68-CB85-4C30-A868-43D0B77337C9}.Release|Any CPU.ActiveCfg = Release|Any CPU
		{36AF4C68-CB85-4C30-A868-43D0B77337C9}.Release|Any CPU.Build.0 = Release|Any CPU
	EndGlobalSection
	GlobalSection(SolutionProperties) = preSolution
		HideSolutionNode = FALSE
	EndGlobalSection
	GlobalSection(ExtensibilityGlobals) = postSolution
		SolutionGuid = {353DE8B1-6EDB-408F-A839-D52C8A38E585}
	EndGlobalSection
EndGlobal
