
Microsoft Visual Studio Solution File, Format Version 12.00
# Visual Studio Version 17
VisualStudioVersion = 17.14.36429.23 d17.14
MinimumVisualStudioVersion = 10.0.40219.1
Project("{FAE04EC0-301F-11D3-BF4B-00C04F79EFBC}") = "QRCodeGeneratorApp.Console", "QRCodeGeneratorApp.Console\QRCodeGeneratorApp.Console.csproj", "{6B456FC2-FDF8-435B-951F-A3BCF0C7E200}"
EndProject
Global
	GlobalSection(SolutionConfigurationPlatforms) = preSolution
		Debug|Any CPU = Debug|Any CPU
		Release|Any CPU = Release|Any CPU
	EndGlobalSection
	GlobalSection(ProjectConfigurationPlatforms) = postSolution
		{6B456FC2-FDF8-435B-951F-A3BCF0C7E200}.Debug|Any CPU.ActiveCfg = Debug|Any CPU
		{6B456FC2-FDF8-435B-951F-A3BCF0C7E200}.Debug|Any CPU.Build.0 = Debug|Any CPU
		{6B456FC2-FDF8-435B-951F-A3BCF0C7E200}.Release|Any CPU.ActiveCfg = Release|Any CPU
		{6B456FC2-FDF8-435B-951F-A3BCF0C7E200}.Release|Any CPU.Build.0 = Release|Any CPU
	EndGlobalSection
	GlobalSection(SolutionProperties) = preSolution
		HideSolutionNode = FALSE
	EndGlobalSection
	GlobalSection(ExtensibilityGlobals) = postSolution
		SolutionGuid = {353DE8B1-6EDB-408F-A839-D52C8A38E585}
	EndGlobalSection
EndGlobal
